
Microsoft Visual Studio Solution File, Format Version 12.00
Project("{FAE04EC0-301F-11D3-BF4B-00C04F79EFBC}") = "Zaits.DACS.WPF.MVVM", "Zaits.DACS.WPF.MVVM\Zaits.DACS.WPF.MVVM.csproj", "{EAEFF051-F761-4FB4-893A-793936526FC9}"
EndProject
Project("{FAE04EC0-301F-11D3-BF4B-00C04F79EFBC}") = "Zaits.WPF.MVVM", "Zaits.WPF.MVVM\Zaits.WPF.MVVM.csproj", "{A27F120A-DF41-4DCB-95B2-B5852EAACC1D}"
EndProject
Project("{FAE04EC0-301F-11D3-BF4B-00C04F79EFBC}") = "Zaits.WPF.MVVM.Core", "Zaits.WPF.MVVM.Core\Zaits.WPF.MVVM.Core.csproj", "{888E3F3D-FC31-4CBC-AE29-754669E6F09A}"
EndProject
Project("{FAE04EC0-301F-11D3-BF4B-00C04F79EFBC}") = "Zaits.WPF.Styles", "Zaits.WPF.Styles\Zaits.WPF.Styles.csproj", "{20B45476-62CD-47A1-A448-9344FE2494B2}"
EndProject
Project("{FAE04EC0-301F-11D3-BF4B-00C04F79EFBC}") = "Zaits.WPF.Controls", "Zaits.WPF.Controls\Zaits.WPF.Controls.csproj", "{07E6C6DA-ED4A-4639-9C92-8DCF02851478}"
EndProject
Project("{2150E333-8FDC-42A3-9474-1A3956D46DE8}") = "Exmpls", "Exmpls", "{43D5AD62-3EAB-4794-9317-B9091AC50327}"
EndProject
Project("{FAE04EC0-301F-11D3-BF4B-00C04F79EFBC}") = "NumericKeyboardExample", "NumericKeyboardExample\NumericKeyboardExample.csproj", "{617E400A-975A-4F39-ABD5-D0BE01307582}"
EndProject
Project("{FAE04EC0-301F-11D3-BF4B-00C04F79EFBC}") = "LetterKeyboardExample", "LetterKeyboardExample\LetterKeyboardExample.csproj", "{FF68D289-2460-4D72-B54B-560CC4923E26}"
EndProject
Project("{FAE04EC0-301F-11D3-BF4B-00C04F79EFBC}") = "DialogHostExample", "DialogHostExample\DialogHostExample.csproj", "{1FB9BECB-689A-4FF3-8095-D99F2FF6C64C}"
EndProject
Project("{FAE04EC0-301F-11D3-BF4B-00C04F79EFBC}") = "MessageDialogExample", "MessageDialogExample\MessageDialogExample.csproj", "{7668E83F-E784-4B73-96F0-07F7185CE836}"
EndProject
Global
	GlobalSection(SolutionConfigurationPlatforms) = preSolution
		Debug|Any CPU = Debug|Any CPU
		Release|Any CPU = Release|Any CPU
	EndGlobalSection
	GlobalSection(ProjectConfigurationPlatforms) = postSolution
		{EAEFF051-F761-4FB4-893A-793936526FC9}.Debug|Any CPU.ActiveCfg = Debug|Any CPU
		{EAEFF051-F761-4FB4-893A-793936526FC9}.Debug|Any CPU.Build.0 = Debug|Any CPU
		{EAEFF051-F761-4FB4-893A-793936526FC9}.Release|Any CPU.ActiveCfg = Release|Any CPU
		{EAEFF051-F761-4FB4-893A-793936526FC9}.Release|Any CPU.Build.0 = Release|Any CPU
		{A27F120A-DF41-4DCB-95B2-B5852EAACC1D}.Debug|Any CPU.ActiveCfg = Debug|Any CPU
		{A27F120A-DF41-4DCB-95B2-B5852EAACC1D}.Debug|Any CPU.Build.0 = Debug|Any CPU
		{A27F120A-DF41-4DCB-95B2-B5852EAACC1D}.Release|Any CPU.ActiveCfg = Release|Any CPU
		{A27F120A-DF41-4DCB-95B2-B5852EAACC1D}.Release|Any CPU.Build.0 = Release|Any CPU
		{888E3F3D-FC31-4CBC-AE29-754669E6F09A}.Debug|Any CPU.ActiveCfg = Debug|Any CPU
		{888E3F3D-FC31-4CBC-AE29-754669E6F09A}.Debug|Any CPU.Build.0 = Debug|Any CPU
		{888E3F3D-FC31-4CBC-AE29-754669E6F09A}.Release|Any CPU.ActiveCfg = Release|Any CPU
		{888E3F3D-FC31-4CBC-AE29-754669E6F09A}.Release|Any CPU.Build.0 = Release|Any CPU
		{20B45476-62CD-47A1-A448-9344FE2494B2}.Debug|Any CPU.ActiveCfg = Debug|Any CPU
		{20B45476-62CD-47A1-A448-9344FE2494B2}.Debug|Any CPU.Build.0 = Debug|Any CPU
		{20B45476-62CD-47A1-A448-9344FE2494B2}.Release|Any CPU.ActiveCfg = Release|Any CPU
		{20B45476-62CD-47A1-A448-9344FE2494B2}.Release|Any CPU.Build.0 = Release|Any CPU
		{07E6C6DA-ED4A-4639-9C92-8DCF02851478}.Debug|Any CPU.ActiveCfg = Debug|Any CPU
		{07E6C6DA-ED4A-4639-9C92-8DCF02851478}.Debug|Any CPU.Build.0 = Debug|Any CPU
		{07E6C6DA-ED4A-4639-9C92-8DCF02851478}.Release|Any CPU.ActiveCfg = Release|Any CPU
		{07E6C6DA-ED4A-4639-9C92-8DCF02851478}.Release|Any CPU.Build.0 = Release|Any CPU
		{617E400A-975A-4F39-ABD5-D0BE01307582}.Debug|Any CPU.ActiveCfg = Debug|Any CPU
		{617E400A-975A-4F39-ABD5-D0BE01307582}.Debug|Any CPU.Build.0 = Debug|Any CPU
		{617E400A-975A-4F39-ABD5-D0BE01307582}.Release|Any CPU.ActiveCfg = Release|Any CPU
		{617E400A-975A-4F39-ABD5-D0BE01307582}.Release|Any CPU.Build.0 = Release|Any CPU
		{FF68D289-2460-4D72-B54B-560CC4923E26}.Debug|Any CPU.ActiveCfg = Debug|Any CPU
		{FF68D289-2460-4D72-B54B-560CC4923E26}.Debug|Any CPU.Build.0 = Debug|Any CPU
		{FF68D289-2460-4D72-B54B-560CC4923E26}.Release|Any CPU.ActiveCfg = Release|Any CPU
		{FF68D289-2460-4D72-B54B-560CC4923E26}.Release|Any CPU.Build.0 = Release|Any CPU
		{1FB9BECB-689A-4FF3-8095-D99F2FF6C64C}.Debug|Any CPU.ActiveCfg = Debug|Any CPU
		{1FB9BECB-689A-4FF3-8095-D99F2FF6C64C}.Debug|Any CPU.Build.0 = Debug|Any CPU
		{1FB9BECB-689A-4FF3-8095-D99F2FF6C64C}.Release|Any CPU.ActiveCfg = Release|Any CPU
		{1FB9BECB-689A-4FF3-8095-D99F2FF6C64C}.Release|Any CPU.Build.0 = Release|Any CPU
		{7668E83F-E784-4B73-96F0-07F7185CE836}.Debug|Any CPU.ActiveCfg = Debug|Any CPU
		{7668E83F-E784-4B73-96F0-07F7185CE836}.Debug|Any CPU.Build.0 = Debug|Any CPU
		{7668E83F-E784-4B73-96F0-07F7185CE836}.Release|Any CPU.ActiveCfg = Release|Any CPU
		{7668E83F-E784-4B73-96F0-07F7185CE836}.Release|Any CPU.Build.0 = Release|Any CPU
	EndGlobalSection
	GlobalSection(NestedProjects) = preSolution
		{617E400A-975A-4F39-ABD5-D0BE01307582} = {43D5AD62-3EAB-4794-9317-B9091AC50327}
		{FF68D289-2460-4D72-B54B-560CC4923E26} = {43D5AD62-3EAB-4794-9317-B9091AC50327}
		{1FB9BECB-689A-4FF3-8095-D99F2FF6C64C} = {43D5AD62-3EAB-4794-9317-B9091AC50327}
		{7668E83F-E784-4B73-96F0-07F7185CE836} = {43D5AD62-3EAB-4794-9317-B9091AC50327}
	EndGlobalSection
EndGlobal
